
Microsoft Visual Studio Solution File, Format Version 12.00
# Visual Studio Version 17
VisualStudioVersion = 17.8.34525.116
MinimumVisualStudioVersion = 10.0.40219.1
Project("{9A19103F-16F7-4668-BE54-9A1E7A4F7556}") = "chatbot2", "chatbot2\chatbot2.csproj", "{B1BA7452-5E9F-4528-A784-754AE7FAF3F0}"
EndProject
Project("{9A19103F-16F7-4668-BE54-9A1E7A4F7556}") = "Chatbot.Application.Shared", "Chatbot.Application.Shared\Chatbot.Application.Shared.csproj", "{7AD7972A-DC27-4F6E-B344-106AE3C85C80}"
EndProject
Project("{9A19103F-16F7-4668-BE54-9A1E7A4F7556}") = "Chatbot.Api", "Chatbot.Api\Chatbot.Api.csproj", "{6DB7D2DA-8020-4A36-AC20-C472BD4355E5}"
EndProject
Global
	GlobalSection(SolutionConfigurationPlatforms) = preSolution
		Debug|Any CPU = Debug|Any CPU
		Release|Any CPU = Release|Any CPU
	EndGlobalSection
	GlobalSection(ProjectConfigurationPlatforms) = postSolution
		{B1BA7452-5E9F-4528-A784-754AE7FAF3F0}.Debug|Any CPU.ActiveCfg = Debug|Any CPU
		{B1BA7452-5E9F-4528-A784-754AE7FAF3F0}.Debug|Any CPU.Build.0 = Debug|Any CPU
		{B1BA7452-5E9F-4528-A784-754AE7FAF3F0}.Release|Any CPU.ActiveCfg = Release|Any CPU
		{B1BA7452-5E9F-4528-A784-754AE7FAF3F0}.Release|Any CPU.Build.0 = Release|Any CPU
		{7AD7972A-DC27-4F6E-B344-106AE3C85C80}.Debug|Any CPU.ActiveCfg = Debug|Any CPU
		{7AD7972A-DC27-4F6E-B344-106AE3C85C80}.Debug|Any CPU.Build.0 = Debug|Any CPU
		{7AD7972A-DC27-4F6E-B344-106AE3C85C80}.Release|Any CPU.ActiveCfg = Release|Any CPU
		{7AD7972A-DC27-4F6E-B344-106AE3C85C80}.Release|Any CPU.Build.0 = Release|Any CPU
		{6DB7D2DA-8020-4A36-AC20-C472BD4355E5}.Debug|Any CPU.ActiveCfg = Debug|Any CPU
		{6DB7D2DA-8020-4A36-AC20-C472BD4355E5}.Debug|Any CPU.Build.0 = Debug|Any CPU
		{6DB7D2DA-8020-4A36-AC20-C472BD4355E5}.Release|Any CPU.ActiveCfg = Release|Any CPU
		{6DB7D2DA-8020-4A36-AC20-C472BD4355E5}.Release|Any CPU.Build.0 = Release|Any CPU
	EndGlobalSection
	GlobalSection(SolutionProperties) = preSolution
		HideSolutionNode = FALSE
	EndGlobalSection
	GlobalSection(ExtensibilityGlobals) = postSolution
		SolutionGuid = {25990AA9-8C5A-4A8F-82A9-C571DA86EC31}
	EndGlobalSection
EndGlobal
